
Microsoft Visual Studio Solution File, Format Version 10.00
# Visual Studio 2008
Project("{8BC9CEB8-8B4A-11D0-8D11-00A0C91BC942}") = "Compilers", "Compilers\Compilers.vcproj", "{026ACC8A-3B8E-4703-B950-6F36F5EC6613}"
	ProjectSection(ProjectDependencies) = postProject
		{0C5AB404-B1CC-4FEE-945B-4E44B6FF0B66} = {0C5AB404-B1CC-4FEE-945B-4E44B6FF0B66}
		{736E2247-2A0A-4D6E-8F56-59195E12AE13} = {736E2247-2A0A-4D6E-8F56-59195E12AE13}
		{DC25EC92-6A8E-4FED-9906-0E9CCC376C2B} = {DC25EC92-6A8E-4FED-9906-0E9CCC376C2B}
		{EE7729A1-FACB-4CF7-BEC2-D2E60D2BB663} = {EE7729A1-FACB-4CF7-BEC2-D2E60D2BB663}
		{C054A2D1-4418-4C48-9083-BC42F401C335} = {C054A2D1-4418-4C48-9083-BC42F401C335}
		{A59D8BDF-4264-49C1-905F-E4DA784CC4C5} = {A59D8BDF-4264-49C1-905F-E4DA784CC4C5}
	EndProjectSection
EndProject
Project("{8BC9CEB8-8B4A-11D0-8D11-00A0C91BC942}") = "LibThotKernel", "LibThotKernel\LibThotKernel.vcproj", "{C054A2D1-4418-4C48-9083-BC42F401C335}"
EndProject
Project("{8BC9CEB8-8B4A-11D0-8D11-00A0C91BC942}") = "amaya", "amaya.vcproj", "{834DA8CB-1085-449B-9102-1E559EE64865}"
	ProjectSection(ProjectDependencies) = postProject
		{4C701A03-75A2-4E7A-8D40-A78E8C143955} = {4C701A03-75A2-4E7A-8D40-A78E8C143955}
		{8CBB9A1D-AFA7-48A5-B60C-0AB2820F4065} = {8CBB9A1D-AFA7-48A5-B60C-0AB2820F4065}
		{AB8EF72B-6670-467A-86DD-CAB298C04FAC} = {AB8EF72B-6670-467A-86DD-CAB298C04FAC}
		{F83A7A66-DD8A-4A79-8395-875EF4891E03} = {F83A7A66-DD8A-4A79-8395-875EF4891E03}
		{026ACC8A-3B8E-4703-B950-6F36F5EC6613} = {026ACC8A-3B8E-4703-B950-6F36F5EC6613}
		{802F3CB2-00D4-46F8-849C-EFA371A4743F} = {802F3CB2-00D4-46F8-849C-EFA371A4743F}
		{6A8ED8BB-526E-409B-A4FE-9730B16D1C15} = {6A8ED8BB-526E-409B-A4FE-9730B16D1C15}
		{A1B2A6CB-D4CC-4479-9783-A87B82AE2338} = {A1B2A6CB-D4CC-4479-9783-A87B82AE2338}
	EndProjectSection
EndProject
Project("{8BC9CEB8-8B4A-11D0-8D11-00A0C91BC942}") = "annotlib", "annotlib\annotlib.vcproj", "{F83A7A66-DD8A-4A79-8395-875EF4891E03}"
	ProjectSection(ProjectDependencies) = postProject
		{8CBB9A1D-AFA7-48A5-B60C-0AB2820F4065} = {8CBB9A1D-AFA7-48A5-B60C-0AB2820F4065}
		{026ACC8A-3B8E-4703-B950-6F36F5EC6613} = {026ACC8A-3B8E-4703-B950-6F36F5EC6613}
		{802F3CB2-00D4-46F8-849C-EFA371A4743F} = {802F3CB2-00D4-46F8-849C-EFA371A4743F}
		{A1B2A6CB-D4CC-4479-9783-A87B82AE2338} = {A1B2A6CB-D4CC-4479-9783-A87B82AE2338}
	EndProjectSection
EndProject
Project("{8BC9CEB8-8B4A-11D0-8D11-00A0C91BC942}") = "app", "app\app.vcproj", "{EE7729A1-FACB-4CF7-BEC2-D2E60D2BB663}"
	ProjectSection(ProjectDependencies) = postProject
		{C054A2D1-4418-4C48-9083-BC42F401C335} = {C054A2D1-4418-4C48-9083-BC42F401C335}
	EndProjectSection
EndProject
Project("{8BC9CEB8-8B4A-11D0-8D11-00A0C91BC942}") = "cpp", "cpp\cpp.vcproj", "{A59D8BDF-4264-49C1-905F-E4DA784CC4C5}"
EndProject
Project("{8BC9CEB8-8B4A-11D0-8D11-00A0C91BC942}") = "davlib", "davlib\davlib.vcproj", "{4C701A03-75A2-4E7A-8D40-A78E8C143955}"
EndProject
Project("{8BC9CEB8-8B4A-11D0-8D11-00A0C91BC942}") = "libThotEditor", "LibThotEditor\libThotEditor.vcproj", "{A1B2A6CB-D4CC-4479-9783-A87B82AE2338}"
EndProject
Project("{8BC9CEB8-8B4A-11D0-8D11-00A0C91BC942}") = "libraptor", "libraptor\libraptor.vcproj", "{8CBB9A1D-AFA7-48A5-B60C-0AB2820F4065}"
EndProject
Project("{8BC9CEB8-8B4A-11D0-8D11-00A0C91BC942}") = "libwww", "libwww\libwww.vcproj", "{802F3CB2-00D4-46F8-849C-EFA371A4743F}"
EndProject
Project("{8BC9CEB8-8B4A-11D0-8D11-00A0C91BC942}") = "printlib", "printlib\printlib.vcproj", "{AB8EF72B-6670-467A-86DD-CAB298C04FAC}"
	ProjectSection(ProjectDependencies) = postProject
		{026ACC8A-3B8E-4703-B950-6F36F5EC6613} = {026ACC8A-3B8E-4703-B950-6F36F5EC6613}
	EndProjectSection
EndProject
Project("{8BC9CEB8-8B4A-11D0-8D11-00A0C91BC942}") = "prs", "prs\prs.vcproj", "{0C5AB404-B1CC-4FEE-945B-4E44B6FF0B66}"
	ProjectSection(ProjectDependencies) = postProject
		{C054A2D1-4418-4C48-9083-BC42F401C335} = {C054A2D1-4418-4C48-9083-BC42F401C335}
	EndProjectSection
EndProject
Project("{8BC9CEB8-8B4A-11D0-8D11-00A0C91BC942}") = "str", "str\str.vcproj", "{DC25EC92-6A8E-4FED-9906-0E9CCC376C2B}"
	ProjectSection(ProjectDependencies) = postProject
		{C054A2D1-4418-4C48-9083-BC42F401C335} = {C054A2D1-4418-4C48-9083-BC42F401C335}
	EndProjectSection
EndProject
Project("{8BC9CEB8-8B4A-11D0-8D11-00A0C91BC942}") = "thotprinter", "thotprinter\thotprinter.vcproj", "{6A8ED8BB-526E-409B-A4FE-9730B16D1C15}"
	ProjectSection(ProjectDependencies) = postProject
		{AB8EF72B-6670-467A-86DD-CAB298C04FAC} = {AB8EF72B-6670-467A-86DD-CAB298C04FAC}
		{026ACC8A-3B8E-4703-B950-6F36F5EC6613} = {026ACC8A-3B8E-4703-B950-6F36F5EC6613}
	EndProjectSection
EndProject
Project("{8BC9CEB8-8B4A-11D0-8D11-00A0C91BC942}") = "tra", "tra\tra.vcproj", "{736E2247-2A0A-4D6E-8F56-59195E12AE13}"
	ProjectSection(ProjectDependencies) = postProject
		{C054A2D1-4418-4C48-9083-BC42F401C335} = {C054A2D1-4418-4C48-9083-BC42F401C335}
	EndProjectSection
EndProject
Global
	GlobalSection(SolutionConfigurationPlatforms) = preSolution
		Debug|Win32 = Debug|Win32
		Release|Win32 = Release|Win32
	EndGlobalSection
	GlobalSection(ProjectConfigurationPlatforms) = postSolution
		{026ACC8A-3B8E-4703-B950-6F36F5EC6613}.Debug|Win32.ActiveCfg = Debug|Win32
		{026ACC8A-3B8E-4703-B950-6F36F5EC6613}.Debug|Win32.Build.0 = Debug|Win32
		{026ACC8A-3B8E-4703-B950-6F36F5EC6613}.Release|Win32.ActiveCfg = Debug|Win32
		{026ACC8A-3B8E-4703-B950-6F36F5EC6613}.Release|Win32.Build.0 = Debug|Win32
		{C054A2D1-4418-4C48-9083-BC42F401C335}.Debug|Win32.ActiveCfg = Debug|Win32
		{C054A2D1-4418-4C48-9083-BC42F401C335}.Debug|Win32.Build.0 = Debug|Win32
		{C054A2D1-4418-4C48-9083-BC42F401C335}.Release|Win32.ActiveCfg = Debug|Win32
		{C054A2D1-4418-4C48-9083-BC42F401C335}.Release|Win32.Build.0 = Debug|Win32
		{834DA8CB-1085-449B-9102-1E559EE64865}.Debug|Win32.ActiveCfg = Release|Win32
		{834DA8CB-1085-449B-9102-1E559EE64865}.Debug|Win32.Build.0 = Release|Win32
		{834DA8CB-1085-449B-9102-1E559EE64865}.Release|Win32.ActiveCfg = Release|Win32
		{834DA8CB-1085-449B-9102-1E559EE64865}.Release|Win32.Build.0 = Release|Win32
		{F83A7A66-DD8A-4A79-8395-875EF4891E03}.Debug|Win32.ActiveCfg = Release|Win32
		{F83A7A66-DD8A-4A79-8395-875EF4891E03}.Debug|Win32.Build.0 = Release|Win32
		{F83A7A66-DD8A-4A79-8395-875EF4891E03}.Release|Win32.ActiveCfg = Release|Win32
		{F83A7A66-DD8A-4A79-8395-875EF4891E03}.Release|Win32.Build.0 = Release|Win32
		{EE7729A1-FACB-4CF7-BEC2-D2E60D2BB663}.Debug|Win32.ActiveCfg = Debug|Win32
		{EE7729A1-FACB-4CF7-BEC2-D2E60D2BB663}.Debug|Win32.Build.0 = Debug|Win32
		{EE7729A1-FACB-4CF7-BEC2-D2E60D2BB663}.Release|Win32.ActiveCfg = Debug|Win32
		{EE7729A1-FACB-4CF7-BEC2-D2E60D2BB663}.Release|Win32.Build.0 = Debug|Win32
		{A59D8BDF-4264-49C1-905F-E4DA784CC4C5}.Debug|Win32.ActiveCfg = Debug|Win32
		{A59D8BDF-4264-49C1-905F-E4DA784CC4C5}.Debug|Win32.Build.0 = Debug|Win32
		{A59D8BDF-4264-49C1-905F-E4DA784CC4C5}.Release|Win32.ActiveCfg = Debug|Win32
		{A59D8BDF-4264-49C1-905F-E4DA784CC4C5}.Release|Win32.Build.0 = Debug|Win32
		{4C701A03-75A2-4E7A-8D40-A78E8C143955}.Debug|Win32.ActiveCfg = Release|Win32
		{4C701A03-75A2-4E7A-8D40-A78E8C143955}.Debug|Win32.Build.0 = Release|Win32
		{4C701A03-75A2-4E7A-8D40-A78E8C143955}.Release|Win32.ActiveCfg = Release|Win32
		{4C701A03-75A2-4E7A-8D40-A78E8C143955}.Release|Win32.Build.0 = Release|Win32
		{A1B2A6CB-D4CC-4479-9783-A87B82AE2338}.Debug|Win32.ActiveCfg = Release|Win32
		{A1B2A6CB-D4CC-4479-9783-A87B82AE2338}.Debug|Win32.Build.0 = Release|Win32
		{A1B2A6CB-D4CC-4479-9783-A87B82AE2338}.Release|Win32.ActiveCfg = Release|Win32
		{A1B2A6CB-D4CC-4479-9783-A87B82AE2338}.Release|Win32.Build.0 = Release|Win32
		{8CBB9A1D-AFA7-48A5-B60C-0AB2820F4065}.Debug|Win32.ActiveCfg = Release|Win32
		{8CBB9A1D-AFA7-48A5-B60C-0AB2820F4065}.Debug|Win32.Build.0 = Release|Win32
		{8CBB9A1D-AFA7-48A5-B60C-0AB2820F4065}.Release|Win32.ActiveCfg = Release|Win32
		{8CBB9A1D-AFA7-48A5-B60C-0AB2820F4065}.Release|Win32.Build.0 = Release|Win32
		{802F3CB2-00D4-46F8-849C-EFA371A4743F}.Debug|Win32.ActiveCfg = Release|Win32
		{802F3CB2-00D4-46F8-849C-EFA371A4743F}.Debug|Win32.Build.0 = Release|Win32
		{802F3CB2-00D4-46F8-849C-EFA371A4743F}.Release|Win32.ActiveCfg = Release|Win32
		{802F3CB2-00D4-46F8-849C-EFA371A4743F}.Release|Win32.Build.0 = Release|Win32
		{AB8EF72B-6670-467A-86DD-CAB298C04FAC}.Debug|Win32.ActiveCfg = Release|Win32
		{AB8EF72B-6670-467A-86DD-CAB298C04FAC}.Debug|Win32.Build.0 = Release|Win32
		{AB8EF72B-6670-467A-86DD-CAB298C04FAC}.Release|Win32.ActiveCfg = Release|Win32
		{AB8EF72B-6670-467A-86DD-CAB298C04FAC}.Release|Win32.Build.0 = Release|Win32
		{0C5AB404-B1CC-4FEE-945B-4E44B6FF0B66}.Debug|Win32.ActiveCfg = Debug|Win32
		{0C5AB404-B1CC-4FEE-945B-4E44B6FF0B66}.Debug|Win32.Build.0 = Debug|Win32
		{0C5AB404-B1CC-4FEE-945B-4E44B6FF0B66}.Release|Win32.ActiveCfg = Debug|Win32
		{0C5AB404-B1CC-4FEE-945B-4E44B6FF0B66}.Release|Win32.Build.0 = Debug|Win32
		{DC25EC92-6A8E-4FED-9906-0E9CCC376C2B}.Debug|Win32.ActiveCfg = Debug|Win32
		{DC25EC92-6A8E-4FED-9906-0E9CCC376C2B}.Debug|Win32.Build.0 = Debug|Win32
		{DC25EC92-6A8E-4FED-9906-0E9CCC376C2B}.Release|Win32.ActiveCfg = Debug|Win32
		{DC25EC92-6A8E-4FED-9906-0E9CCC376C2B}.Release|Win32.Build.0 = Debug|Win32
		{6A8ED8BB-526E-409B-A4FE-9730B16D1C15}.Debug|Win32.ActiveCfg = Release|Win32
		{6A8ED8BB-526E-409B-A4FE-9730B16D1C15}.Debug|Win32.Build.0 = Release|Win32
		{6A8ED8BB-526E-409B-A4FE-9730B16D1C15}.Release|Win32.ActiveCfg = Release|Win32
		{6A8ED8BB-526E-409B-A4FE-9730B16D1C15}.Release|Win32.Build.0 = Release|Win32
		{736E2247-2A0A-4D6E-8F56-59195E12AE13}.Debug|Win32.ActiveCfg = Debug|Win32
		{736E2247-2A0A-4D6E-8F56-59195E12AE13}.Debug|Win32.Build.0 = Debug|Win32
		{736E2247-2A0A-4D6E-8F56-59195E12AE13}.Release|Win32.ActiveCfg = Debug|Win32
		{736E2247-2A0A-4D6E-8F56-59195E12AE13}.Release|Win32.Build.0 = Debug|Win32
	EndGlobalSection
	GlobalSection(SolutionProperties) = preSolution
		HideSolutionNode = FALSE
	EndGlobalSection
EndGlobal
